{
  "nodes": {
    "nix-caliga": {
      "inputs": {
        "nixpkgs": [
          "nixpkgs"
        ]
      },
      "locked": {
        "lastModified": 1782441864,
        "narHash": "sha256-ugaLrN0wd7mwPnaC9CwP59J+XSz2x9hDFSTXhe4Lg4A=",
        "owner": "nix-caliga",
        "repo": "nix-caliga",
        "rev": "91cf1948a1ac2e592da0f307189050917e1d20eb",
        "type": "github"
      },
      "original": {
        "owner": "nix-caliga",
        "repo": "nix-caliga",
        "type": "github"
      }
    },
    "nixpkgs": {
      "locked": {
        "lastModified": 1786862985,
        "narHash": "sha256-FBJRXmbGXiSUDvYEbfLYRkckayyZ6SK1UEqhCrIZ2Cs=",
        "owner": "NixOS",
        "repo": "nixpkgs",
        "rev": "e5bdc4a41d4c072fe1e3787eaa0320a384741d44",
        "type": "github"
      },
      "original": {
        "owner": "NixOS",
        "ref": "nixos-unstable",
        "repo": "nixpkgs",
        "type": "github"
      }
    },
    "nixpkgs-darwin": {
      "locked": {
        "lastModified": 1787323337,
        "narHash": "sha256-PqomwlB2WugM9MC4tV1L2/yosMOfug3KBDjmqOqD1bU=",
        "owner": "NixOS",
        "repo": "nixpkgs",
        "rev": "6062ba1a1b8b6281b12533c9075a2dbeb38f7e49",
        "type": "github"
      },
      "original": {
        "owner": "NixOS",
        "ref": "nixpkgs-26.05-darwin",
        "repo": "nixpkgs",
        "type": "github"
      }
    },
    "roc-overlay": {
      "inputs": {
        "nixpkgs": [
          "nixpkgs"
        ],
        "nixpkgs-darwin": "nixpkgs-darwin"
      },
      "locked": {
        "lastModified": 1787748688,
        "narHash": "sha256-2IxuTLJg6xsMihmSyz3aDqjMGlrrcqYmwosYp/CBNhs=",
        "owner": "roc-lang",
        "repo": "roc-overlay",
        "rev": "8bdbcb28df215fc15f70074d237c29499cbdaaca",
        "type": "github"
      },
      "original": {
        "owner": "roc-lang",
        "repo": "roc-overlay",
        "type": "github"
      }
    },
    "root": {
      "inputs": {
        "nix-caliga": "nix-caliga",
        "nixpkgs": "nixpkgs",
        "roc-overlay": "roc-overlay"
      }
    }
  },
  "root": "root",
  "version": 7
}
