{
  "nodes": {
    "bootc-image-prefetcher": {
      "flake": false,
      "locked": {
        "lastModified": 1790503618,
        "narHash": "sha256-CENEcEo6z7Rj2j5h7MJIzRxq8Tmy01RlgGBo6MYlQG8=",
        "owner": "nix-caliga",
        "repo": "bootc-image-prefetcher",
        "rev": "4759199aef4c991eb994978da0734163bb1122cd",
        "type": "github"
      },
      "original": {
        "owner": "nix-caliga",
        "repo": "bootc-image-prefetcher",
        "type": "github"
      }
    },
    "nix-caliga": {
      "inputs": {
        "nixpkgs": [
          "nixpkgs"
        ]
      },
      "locked": {
        "lastModified": 1790067822,
        "narHash": "sha256-koZU2JRNx5+nEE6EO0JsbomjTO5z3uncm45Aszdivq4=",
        "owner": "nix-caliga",
        "repo": "nix-caliga",
        "rev": "70bf5c59bd2fca664341a4baa0f1d6441d4c09de",
        "type": "github"
      },
      "original": {
        "owner": "nix-caliga",
        "ref": "overlayfs-nix-store",
        "repo": "nix-caliga",
        "type": "github"
      }
    },
    "nixpkgs": {
      "locked": {
        "lastModified": 1790463110,
        "narHash": "sha256-hKlVl12B1dF0Q5vd9dY3lIJM5mFGWYSlXwSLAqHZ1+s=",
        "owner": "NixOS",
        "repo": "nixpkgs",
        "rev": "e158d9ed9b51c98974c5e66e1ba1c9e0255fecaa",
        "type": "github"
      },
      "original": {
        "owner": "NixOS",
        "ref": "nixos-unstable",
        "repo": "nixpkgs",
        "type": "github"
      }
    },
    "nixpkgs-darwin": {
      "locked": {
        "lastModified": 1787940818,
        "narHash": "sha256-vFzVv78WlyEbTyV5BbrnicnV159wC0YPOcBe3QagyBI=",
        "owner": "NixOS",
        "repo": "nixpkgs",
        "rev": "f6107e546a5012172d93e79f1f7950da02ad798f",
        "type": "github"
      },
      "original": {
        "owner": "NixOS",
        "ref": "nixpkgs-26.05-darwin",
        "repo": "nixpkgs",
        "type": "github"
      }
    },
    "roc-overlay": {
      "inputs": {
        "nixpkgs": [
          "nixpkgs"
        ],
        "nixpkgs-darwin": "nixpkgs-darwin"
      },
      "locked": {
        "lastModified": 1790499958,
        "narHash": "sha256-CJCTO4GIwaiJ0eq9XFKOVY5R6pcAfncDpJXtQ65nOG8=",
        "owner": "roc-lang",
        "repo": "roc-overlay",
        "rev": "e2fd3eeabe067747f6e91c59694cd57e93bf098e",
        "type": "github"
      },
      "original": {
        "owner": "roc-lang",
        "repo": "roc-overlay",
        "type": "github"
      }
    },
    "root": {
      "inputs": {
        "bootc-image-prefetcher": "bootc-image-prefetcher",
        "nix-caliga": "nix-caliga",
        "nixpkgs": "nixpkgs",
        "roc-overlay": "roc-overlay"
      }
    }
  },
  "root": "root",
  "version": 7
}
