{
  "nodes": {
    "nixpkgs": {
      "locked": {
        "lastModified": 1787736819,
        "narHash": "sha256-cV5xEJJK3BvhU8rEd4mC9UsmDi5qscv/kzGPhBRC5WA=",
        "owner": "NixOS",
        "repo": "nixpkgs",
        "rev": "9fbb54b33e91ee4ca368e35a78e0613c720600b3",
        "type": "github"
      },
      "original": {
        "owner": "NixOS",
        "ref": "nixos-unstable",
        "repo": "nixpkgs",
        "type": "github"
      }
    },
    "nixpkgs-darwin": {
      "locked": {
        "lastModified": 1785067121,
        "narHash": "sha256-rdJdWxAcg5fnntU4DjPivPdVEN4F+VJavw+UWpEMeUI=",
        "owner": "NixOS",
        "repo": "nixpkgs",
        "rev": "329c3d2af6d1b618705150ea39f72c15eb4e613e",
        "type": "github"
      },
      "original": {
        "owner": "NixOS",
        "ref": "nixpkgs-26.05-darwin",
        "repo": "nixpkgs",
        "type": "github"
      }
    },
    "roc-overlay": {
      "inputs": {
        "nixpkgs": [
          "nixpkgs"
        ],
        "nixpkgs-darwin": "nixpkgs-darwin"
      },
      "locked": {
        "lastModified": 1786382470,
        "narHash": "sha256-lZJGs/z5aoOZ9T4Y+rbGXROCul/ethwc6nTrfAKPORs=",
        "owner": "roc-lang",
        "repo": "roc-overlay",
        "rev": "948651d6d4c10e33b519bb30ff3900eb16a3dc3a",
        "type": "github"
      },
      "original": {
        "owner": "roc-lang",
        "repo": "roc-overlay",
        "type": "github"
      }
    },
    "root": {
      "inputs": {
        "nixpkgs": "nixpkgs",
        "roc-overlay": "roc-overlay",
        "wormtpkgs": "wormtpkgs"
      }
    },
    "wormtpkgs": {
      "locked": {
        "lastModified": 1787727978,
        "narHash": "sha256-46pqYIOeqSwQ4Aa1PsO/VL09bB0JHlb8MtMuWhm6rsk=",
        "owner": "wormt",
        "repo": "nixpkgs",
        "rev": "ba73308f18328eaeb548f8bd090c5c2c2726462c",
        "type": "github"
      },
      "original": {
        "owner": "wormt",
        "repo": "nixpkgs",
        "type": "github"
      }
    }
  },
  "root": "root",
  "version": 7
}
