{
  "nodes": {
    "nix-caliga": {
      "inputs": {
        "nixpkgs": [
          "nix-image",
          "nixpkgs"
        ]
      },
      "locked": {
        "lastModified": 1782441864,
        "narHash": "sha256-ugaLrN0wd7mwPnaC9CwP59J+XSz2x9hDFSTXhe4Lg4A=",
        "owner": "nix-caliga",
        "repo": "nix-caliga",
        "rev": "91cf1948a1ac2e592da0f307189050917e1d20eb",
        "type": "github"
      },
      "original": {
        "owner": "nix-caliga",
        "repo": "nix-caliga",
        "type": "github"
      }
    },
    "nix-image": {
      "inputs": {
        "nix-caliga": "nix-caliga",
        "nixpkgs": "nixpkgs",
        "roc-overlay": "roc-overlay"
      },
      "locked": {
        "path": "./nix",
        "type": "path"
      },
      "original": {
        "path": "./nix",
        "type": "path"
      },
      "parent": []
    },
    "nixpkgs": {
      "locked": {
        "lastModified": 1786862985,
        "narHash": "sha256-FBJRXmbGXiSUDvYEbfLYRkckayyZ6SK1UEqhCrIZ2Cs=",
        "owner": "NixOS",
        "repo": "nixpkgs",
        "rev": "e5bdc4a41d4c072fe1e3787eaa0320a384741d44",
        "type": "github"
      },
      "original": {
        "owner": "NixOS",
        "ref": "nixos-unstable",
        "repo": "nixpkgs",
        "type": "github"
      }
    },
    "nixpkgs-darwin": {
      "locked": {
        "lastModified": 1787323337,
        "narHash": "sha256-PqomwlB2WugM9MC4tV1L2/yosMOfug3KBDjmqOqD1bU=",
        "owner": "NixOS",
        "repo": "nixpkgs",
        "rev": "6062ba1a1b8b6281b12533c9075a2dbeb38f7e49",
        "type": "github"
      },
      "original": {
        "owner": "NixOS",
        "ref": "nixpkgs-26.05-darwin",
        "repo": "nixpkgs",
        "type": "github"
      }
    },
    "nixpkgs-darwin_2": {
      "locked": {
        "lastModified": 1787940818,
        "narHash": "sha256-vFzVv78WlyEbTyV5BbrnicnV159wC0YPOcBe3QagyBI=",
        "owner": "NixOS",
        "repo": "nixpkgs",
        "rev": "f6107e546a5012172d93e79f1f7950da02ad798f",
        "type": "github"
      },
      "original": {
        "owner": "NixOS",
        "ref": "nixpkgs-26.05-darwin",
        "repo": "nixpkgs",
        "type": "github"
      }
    },
    "nixpkgs_2": {
      "locked": {
        "lastModified": 1789785513,
        "narHash": "sha256-B44WL6h0XoLjJ41bUPJk0X5SDinLCII//6EcBLXKiJ0=",
        "owner": "NixOS",
        "repo": "nixpkgs",
        "rev": "20b1ddd1aa5ace70c9468305030aa4f9ef79671b",
        "type": "github"
      },
      "original": {
        "owner": "NixOS",
        "ref": "nixos-unstable",
        "repo": "nixpkgs",
        "type": "github"
      }
    },
    "osbuild-src": {
      "flake": false,
      "locked": {
        "lastModified": 1788525160,
        "narHash": "sha256-Gk4klfZTRCJCOqLVWFoH2MwDR68Gkju8lrh/3zpq/yk=",
        "owner": "osbuild",
        "repo": "osbuild",
        "rev": "05d245c8e9a4615bc05b9bbcd79324625d24cfbc",
        "type": "github"
      },
      "original": {
        "owner": "osbuild",
        "repo": "osbuild",
        "rev": "05d245c8e9a4615bc05b9bbcd79324625d24cfbc",
        "type": "github"
      }
    },
    "pyproject-build-systems": {
      "inputs": {
        "nixpkgs": [
          "wormtpkgs"
        ],
        "pyproject-nix": [
          "pyproject-nix"
        ],
        "uv2nix": [
          "uv2nix"
        ]
      },
      "locked": {
        "lastModified": 1789356010,
        "narHash": "sha256-Oj0KSZSEaGeYMXFFc2u7eb9Pqw0zcpU8/wJFLRRuD5c=",
        "owner": "pyproject-nix",
        "repo": "build-system-pkgs",
        "rev": "e97f24221b3e1b9a6b492a7137b499031be6f078",
        "type": "github"
      },
      "original": {
        "owner": "pyproject-nix",
        "repo": "build-system-pkgs",
        "type": "github"
      }
    },
    "pyproject-nix": {
      "inputs": {
        "nixpkgs": [
          "wormtpkgs"
        ]
      },
      "locked": {
        "lastModified": 1788394333,
        "narHash": "sha256-xYOP0Xym1eVGUaHFx+eJEaycFGoiCbst3fZf0xFHP78=",
        "owner": "pyproject-nix",
        "repo": "pyproject.nix",
        "rev": "6a8a7881d75b6f98967e7b8069f4ead331384301",
        "type": "github"
      },
      "original": {
        "owner": "pyproject-nix",
        "repo": "pyproject.nix",
        "type": "github"
      }
    },
    "roc-overlay": {
      "inputs": {
        "nixpkgs": [
          "nix-image",
          "nixpkgs"
        ],
        "nixpkgs-darwin": "nixpkgs-darwin"
      },
      "locked": {
        "lastModified": 1787748688,
        "narHash": "sha256-2IxuTLJg6xsMihmSyz3aDqjMGlrrcqYmwosYp/CBNhs=",
        "owner": "roc-lang",
        "repo": "roc-overlay",
        "rev": "8bdbcb28df215fc15f70074d237c29499cbdaaca",
        "type": "github"
      },
      "original": {
        "owner": "roc-lang",
        "repo": "roc-overlay",
        "type": "github"
      }
    },
    "roc-overlay_2": {
      "inputs": {
        "nixpkgs": [
          "nixpkgs"
        ],
        "nixpkgs-darwin": "nixpkgs-darwin_2"
      },
      "locked": {
        "lastModified": 1789826751,
        "narHash": "sha256-aA/PRTUNO0MunHBea9uFdrJ5WwfPnXIDOQE4/AipUFI=",
        "owner": "roc-lang",
        "repo": "roc-overlay",
        "rev": "a6234294163e0936517b48086ed3d2573b73d9d4",
        "type": "github"
      },
      "original": {
        "owner": "roc-lang",
        "repo": "roc-overlay",
        "type": "github"
      }
    },
    "root": {
      "inputs": {
        "nix-image": "nix-image",
        "nixpkgs": "nixpkgs_2",
        "osbuild-src": "osbuild-src",
        "pyproject-build-systems": "pyproject-build-systems",
        "pyproject-nix": "pyproject-nix",
        "roc-overlay": "roc-overlay_2",
        "uv2nix": "uv2nix",
        "wormtpkgs": "wormtpkgs"
      }
    },
    "uv2nix": {
      "inputs": {
        "nixpkgs": [
          "wormtpkgs"
        ],
        "pyproject-nix": [
          "pyproject-nix"
        ]
      },
      "locked": {
        "lastModified": 1789383061,
        "narHash": "sha256-+DkygIVr/+RtXnsjd07BzFFB0ihwmjjLuYh1fyc/bCg=",
        "owner": "pyproject-nix",
        "repo": "uv2nix",
        "rev": "079be4e68c529c4cbc44dbf1afc692e4b30695b3",
        "type": "github"
      },
      "original": {
        "owner": "pyproject-nix",
        "repo": "uv2nix",
        "type": "github"
      }
    },
    "wormtpkgs": {
      "locked": {
        "lastModified": 1789939071,
        "narHash": "sha256-LEvji+v1Y411icHvReFrSGeMS61MVnwAbdV2g/1DjtE=",
        "owner": "wormt",
        "repo": "nixpkgs",
        "rev": "e0b7602865ea6e2ebc2a38b2dca1b74a5f58362f",
        "type": "github"
      },
      "original": {
        "owner": "wormt",
        "repo": "nixpkgs",
        "type": "github"
      }
    }
  },
  "root": "root",
  "version": 7
}
