{
  "nodes": {
    "nix-caliga": {
      "inputs": {
        "nixpkgs": [
          "nix-image",
          "nixpkgs"
        ]
      },
      "locked": {
        "lastModified": 1782441864,
        "narHash": "sha256-ugaLrN0wd7mwPnaC9CwP59J+XSz2x9hDFSTXhe4Lg4A=",
        "owner": "nix-caliga",
        "repo": "nix-caliga",
        "rev": "91cf1948a1ac2e592da0f307189050917e1d20eb",
        "type": "github"
      },
      "original": {
        "owner": "nix-caliga",
        "repo": "nix-caliga",
        "type": "github"
      }
    },
    "nix-image": {
      "inputs": {
        "nix-caliga": "nix-caliga",
        "nixpkgs": "nixpkgs",
        "roc-overlay": "roc-overlay"
      },
      "locked": {
        "path": "./nix",
        "type": "path"
      },
      "original": {
        "path": "./nix",
        "type": "path"
      },
      "parent": []
    },
    "nixpkgs": {
      "locked": {
        "lastModified": 1786862985,
        "narHash": "sha256-FBJRXmbGXiSUDvYEbfLYRkckayyZ6SK1UEqhCrIZ2Cs=",
        "owner": "NixOS",
        "repo": "nixpkgs",
        "rev": "e5bdc4a41d4c072fe1e3787eaa0320a384741d44",
        "type": "github"
      },
      "original": {
        "owner": "NixOS",
        "ref": "nixos-unstable",
        "repo": "nixpkgs",
        "type": "github"
      }
    },
    "nixpkgs-darwin": {
      "locked": {
        "lastModified": 1787323337,
        "narHash": "sha256-PqomwlB2WugM9MC4tV1L2/yosMOfug3KBDjmqOqD1bU=",
        "owner": "NixOS",
        "repo": "nixpkgs",
        "rev": "6062ba1a1b8b6281b12533c9075a2dbeb38f7e49",
        "type": "github"
      },
      "original": {
        "owner": "NixOS",
        "ref": "nixpkgs-26.05-darwin",
        "repo": "nixpkgs",
        "type": "github"
      }
    },
    "nixpkgs-darwin_2": {
      "locked": {
        "lastModified": 1785067121,
        "narHash": "sha256-rdJdWxAcg5fnntU4DjPivPdVEN4F+VJavw+UWpEMeUI=",
        "owner": "NixOS",
        "repo": "nixpkgs",
        "rev": "329c3d2af6d1b618705150ea39f72c15eb4e613e",
        "type": "github"
      },
      "original": {
        "owner": "NixOS",
        "ref": "nixpkgs-26.05-darwin",
        "repo": "nixpkgs",
        "type": "github"
      }
    },
    "nixpkgs_2": {
      "locked": {
        "lastModified": 1787736819,
        "narHash": "sha256-cV5xEJJK3BvhU8rEd4mC9UsmDi5qscv/kzGPhBRC5WA=",
        "owner": "NixOS",
        "repo": "nixpkgs",
        "rev": "9fbb54b33e91ee4ca368e35a78e0613c720600b3",
        "type": "github"
      },
      "original": {
        "owner": "NixOS",
        "ref": "nixos-unstable",
        "repo": "nixpkgs",
        "type": "github"
      }
    },
    "osbuild-src": {
      "flake": false,
      "locked": {
        "lastModified": 1788525160,
        "narHash": "sha256-Gk4klfZTRCJCOqLVWFoH2MwDR68Gkju8lrh/3zpq/yk=",
        "owner": "osbuild",
        "repo": "osbuild",
        "rev": "05d245c8e9a4615bc05b9bbcd79324625d24cfbc",
        "type": "github"
      },
      "original": {
        "owner": "osbuild",
        "repo": "osbuild",
        "rev": "05d245c8e9a4615bc05b9bbcd79324625d24cfbc",
        "type": "github"
      }
    },
    "pyproject-build-systems": {
      "inputs": {
        "nixpkgs": [
          "wormtpkgs"
        ],
        "pyproject-nix": [
          "pyproject-nix"
        ],
        "uv2nix": [
          "uv2nix"
        ]
      },
      "locked": {
        "lastModified": 1788149501,
        "narHash": "sha256-XKJP4KvhawV3pyVfraX3sflz05Rp7KP74gRt6QqKjNE=",
        "owner": "pyproject-nix",
        "repo": "build-system-pkgs",
        "rev": "150839ac67b5a34db56a55e8f6b7099a4e7878ab",
        "type": "github"
      },
      "original": {
        "owner": "pyproject-nix",
        "repo": "build-system-pkgs",
        "type": "github"
      }
    },
    "pyproject-nix": {
      "inputs": {
        "nixpkgs": [
          "wormtpkgs"
        ]
      },
      "locked": {
        "lastModified": 1788394333,
        "narHash": "sha256-xYOP0Xym1eVGUaHFx+eJEaycFGoiCbst3fZf0xFHP78=",
        "owner": "pyproject-nix",
        "repo": "pyproject.nix",
        "rev": "6a8a7881d75b6f98967e7b8069f4ead331384301",
        "type": "github"
      },
      "original": {
        "owner": "pyproject-nix",
        "repo": "pyproject.nix",
        "type": "github"
      }
    },
    "roc-overlay": {
      "inputs": {
        "nixpkgs": [
          "nix-image",
          "nixpkgs"
        ],
        "nixpkgs-darwin": "nixpkgs-darwin"
      },
      "locked": {
        "lastModified": 1787748688,
        "narHash": "sha256-2IxuTLJg6xsMihmSyz3aDqjMGlrrcqYmwosYp/CBNhs=",
        "owner": "roc-lang",
        "repo": "roc-overlay",
        "rev": "8bdbcb28df215fc15f70074d237c29499cbdaaca",
        "type": "github"
      },
      "original": {
        "owner": "roc-lang",
        "repo": "roc-overlay",
        "type": "github"
      }
    },
    "roc-overlay_2": {
      "inputs": {
        "nixpkgs": [
          "nixpkgs"
        ],
        "nixpkgs-darwin": "nixpkgs-darwin_2"
      },
      "locked": {
        "lastModified": 1786382470,
        "narHash": "sha256-lZJGs/z5aoOZ9T4Y+rbGXROCul/ethwc6nTrfAKPORs=",
        "owner": "roc-lang",
        "repo": "roc-overlay",
        "rev": "948651d6d4c10e33b519bb30ff3900eb16a3dc3a",
        "type": "github"
      },
      "original": {
        "owner": "roc-lang",
        "repo": "roc-overlay",
        "type": "github"
      }
    },
    "root": {
      "inputs": {
        "nix-image": "nix-image",
        "nixpkgs": "nixpkgs_2",
        "osbuild-src": "osbuild-src",
        "pyproject-build-systems": "pyproject-build-systems",
        "pyproject-nix": "pyproject-nix",
        "roc-overlay": "roc-overlay_2",
        "uv2nix": "uv2nix",
        "wormtpkgs": "wormtpkgs"
      }
    },
    "uv2nix": {
      "inputs": {
        "nixpkgs": [
          "wormtpkgs"
        ],
        "pyproject-nix": [
          "pyproject-nix"
        ]
      },
      "locked": {
        "lastModified": 1788001239,
        "narHash": "sha256-AELmsXPI546MhbC/ZXC7WRUkCz7d4rqKTHUmliIgPpI=",
        "owner": "pyproject-nix",
        "repo": "uv2nix",
        "rev": "7f9c6b613d2e749e54854b1d60ab6a2192db889e",
        "type": "github"
      },
      "original": {
        "owner": "pyproject-nix",
        "repo": "uv2nix",
        "type": "github"
      }
    },
    "wormtpkgs": {
      "locked": {
        "lastModified": 1787727978,
        "narHash": "sha256-46pqYIOeqSwQ4Aa1PsO/VL09bB0JHlb8MtMuWhm6rsk=",
        "owner": "wormt",
        "repo": "nixpkgs",
        "rev": "ba73308f18328eaeb548f8bd090c5c2c2726462c",
        "type": "github"
      },
      "original": {
        "owner": "wormt",
        "repo": "nixpkgs",
        "type": "github"
      }
    }
  },
  "root": "root",
  "version": 7
}
